
Microsoft Visual Studio Solution File, Format Version 12.00
# Visual Studio Version 17
VisualStudioVersion = 17.1.32407.343
MinimumVisualStudioVersion = 10.0.40219.1
Project("{FAE04EC0-301F-11D3-BF4B-00C04F79EFBC}") = "Knapsack", "Knapsack\Knapsack.csproj", "{75D42E67-352C-4FD3-8273-7152C3ECDD7D}"
EndProject
Global
	GlobalSection(SolutionConfigurationPlatforms) = preSolution
		Debug|Any CPU = Debug|Any CPU
		Release|Any CPU = Release|Any CPU
	EndGlobalSection
	GlobalSection(ProjectConfigurationPlatforms) = postSolution
		{75D42E67-352C-4FD3-8273-7152C3ECDD7D}.Debug|Any CPU.ActiveCfg = Debug|Any CPU
		{75D42E67-352C-4FD3-8273-7152C3ECDD7D}.Debug|Any CPU.Build.0 = Debug|Any CPU
		{75D42E67-352C-4FD3-8273-7152C3ECDD7D}.Release|Any CPU.ActiveCfg = Release|Any CPU
		{75D42E67-352C-4FD3-8273-7152C3ECDD7D}.Release|Any CPU.Build.0 = Release|Any CPU
	EndGlobalSection
	GlobalSection(SolutionProperties) = preSolution
		HideSolutionNode = FALSE
	EndGlobalSection
	GlobalSection(ExtensibilityGlobals) = postSolution
		SolutionGuid = {509974A1-FD59-41CA-8DA1-BEDAF012F069}
	EndGlobalSection
EndGlobal
